# THIS IS AN AUTOGENERATED FILE. DO NOT EDIT THIS FILE DIRECTLY.
# yarn lockfile v1


"@types/moo@^0.5.4":
  version "0.5.4"
  resolved "https://registry.yarnpkg.com/@types/moo/-/moo-0.5.4.tgz#a7d792c8c70af6f26d1717ccd20fe4a1fa926d43"
  integrity sha512-1cJMV+3lvSvb21J4SqQlwxSwhCvrj8bmGnsHeODIokTAwGEn1fI9sGJWeAPCjArZicrtLF7Dg7frA1V7DT8Lrw==

"@types/node@^14.14.34":
  version "14.14.34"
  resolved "https://registry.yarnpkg.com/@types/node/-/node-14.14.34.tgz#07935194fc049069a1c56c0c274265abeddf88da"
  integrity sha512-dBPaxocOK6UVyvhbnpFIj2W+S+1cBTkHQbFQfeeJhoKFbzYcVUGHvddeWPSucKATb3F0+pgDq0i6ghEaZjsugA==

moo@^0.5.1:
  version "0.5.1"
  resolved "https://registry.yarnpkg.com/moo/-/moo-0.5.1.tgz#7aae7f384b9b09f620b6abf6f74ebbcd1b65dbc4"
  integrity sha512-I1mnb5xn4fO80BH9BLcF0yLypy2UKl+Cb01Fu0hJRkJjlCRtxZMWkTdAtDd5ZqCOxtCkhmRwyI57vWT+1iZ67w==

typescript@4.1.5:
  version "4.1.5"
  resolved "https://registry.yarnpkg.com/typescript/-/typescript-4.1.5.tgz#123a3b214aaff3be32926f0d8f1f6e704eb89a72"
  integrity sha512-6OSu9PTIzmn9TCDiovULTnET6BgXtDYL4Gg4szY+cGsc3JP1dQL8qvE8kShTRx1NIw4Q9IBHlwODjkjWEtMUyA==
